{
    "_readme": [
        "This file locks the dependencies of your project to a known state",
        "Read more about it at https://getcomposer.org/doc/01-basic-usage.md#installing-dependencies",
        "This file is @generated automatically"
    ],
    "content-hash": "08f44b65c69d0010b79ec4bffe283e7d",
    "packages": [
        {
            "name": "wpconstructor/plugin-version",
            "version": "v1.0.1",
            "source": {
                "type": "git",
                "url": "https://github.com/WPConstructor/plugin-version.git",
                "reference": "e69b940c0c1952f4016f9881ed1d6ffd91651da1"
            },
            "dist": {
                "type": "zip",
                "url": "https://api.github.com/repos/WPConstructor/plugin-version/zipball/e69b940c0c1952f4016f9881ed1d6ffd91651da1",
                "reference": "e69b940c0c1952f4016f9881ed1d6ffd91651da1",
                "shasum": ""
            },
            "type": "library",
            "notification-url": "https://packagist.org/downloads/",
            "license": [
                "MIT"
            ],
            "authors": [
                {
                    "name": "WPConstructor",
                    "homepage": "https://wpconstructor.com/contact",
                    "role": "Developer"
                }
            ],
            "description": "Gets the version of a WordPress plugin from its main file and checks if PHP version and WordPress version requirements are met.",
            "support": {
                "issues": "https://github.com/WPConstructor/plugin-version/issues",
                "source": "https://github.com/WPConstructor/plugin-version/tree/v1.0.1"
            },
            "time": "2026-03-21T22:42:11+00:00"
        }
    ],
    "packages-dev": [],
    "aliases": [],
    "minimum-stability": "dev",
    "stability-flags": {},
    "prefer-stable": true,
    "prefer-lowest": false,
    "platform": {},
    "platform-dev": {},
    "plugin-api-version": "2.9.0"
}
